
Microsoft Visual Studio Solution File, Format Version 12.00
# Visual Studio Version 16
VisualStudioVersion = 16.0.31624.102
MinimumVisualStudioVersion = 10.0.40219.1
Project("{FAE04EC0-301F-11D3-BF4B-00C04F79EFBC}") = "OOP-Labb4", "OOP-Labb4\OOP-Labb4.csproj", "{1143EF73-2A7F-4721-BAB7-88C64EB82F3B}"
EndProject
Global
	GlobalSection(SolutionConfigurationPlatforms) = preSolution
		Debug|Any CPU = Debug|Any CPU
		Release|Any CPU = Release|Any CPU
	EndGlobalSection
	GlobalSection(ProjectConfigurationPlatforms) = postSolution
		{1143EF73-2A7F-4721-BAB7-88C64EB82F3B}.Debug|Any CPU.ActiveCfg = Debug|Any CPU
		{1143EF73-2A7F-4721-BAB7-88C64EB82F3B}.Debug|Any CPU.Build.0 = Debug|Any CPU
		{1143EF73-2A7F-4721-BAB7-88C64EB82F3B}.Release|Any CPU.ActiveCfg = Release|Any CPU
		{1143EF73-2A7F-4721-BAB7-88C64EB82F3B}.Release|Any CPU.Build.0 = Release|Any CPU
	EndGlobalSection
	GlobalSection(SolutionProperties) = preSolution
		HideSolutionNode = FALSE
	EndGlobalSection
	GlobalSection(ExtensibilityGlobals) = postSolution
		SolutionGuid = {A9A8A3AA-A500-4D63-A6B2-2FB0FFFB3E45}
	EndGlobalSection
EndGlobal
